{
  "name": "shinhan-project",
  "lockfileVersion": 3,
  "requires": true,
  "packages": {
    "": {
      "dependencies": {
        "@grapecity/wijmo.vue2.all": "^5.20222.877"
      }
    },
    "node_modules/@grapecity/wijmo": {
      "version": "5.20222.877",
      "resolved": "https://registry.npmjs.org/@grapecity/wijmo/-/wijmo-5.20222.877.tgz",
      "integrity": "sha512-vX0BKTcvcgFWzaiHYqtqhS2TZXgGk5rNnmus1QHimGfeFz9XsFsw7ymPHWmKbSm05Qg6y496Mw+gqwRpsHgQRg==",
      "dependencies": {
        "@grapecity/wijmo.styles": "5.20222.877"
      }
    },
    "node_modules/@grapecity/wijmo.barcode": {
      "version": "5.20222.877",
      "resolved": "https://registry.npmjs.org/@grapecity/wijmo.barcode/-/wijmo.barcode-5.20222.877.tgz",
      "integrity": "sha512-ccnOaHLAUc4TvRwRVP2i7dUMbjOKRlHHY7akC0tV2X6BLEOIBL+vgIjEh2L3BBiyTfbERw3SIfPZ49PD20OgWw==",
      "dependencies": {
        "@grapecity/wijmo": "5.20222.877"
      }
    },
    "node_modules/@grapecity/wijmo.barcode.common": {
      "version": "5.20222.877",
      "resolved": "https://registry.npmjs.org/@grapecity/wijmo.barcode.common/-/wijmo.barcode.common-5.20222.877.tgz",
      "integrity": "sha512-ld+H7b8svY34gggN0bC3xV2Tfo7WCLgt/oan+U9iPuDyRRmrHEb9VwI1y3XC6ysnybfg81Z1vZ4QCdzDN8S9kQ==",
      "dependencies": {
        "@grapecity/wijmo": "5.20222.877",
        "@grapecity/wijmo.barcode": "5.20222.877"
      }
    },
    "node_modules/@grapecity/wijmo.barcode.composite": {
      "version": "5.20222.877",
      "resolved": "https://registry.npmjs.org/@grapecity/wijmo.barcode.composite/-/wijmo.barcode.composite-5.20222.877.tgz",
      "integrity": "sha512-NCmgTaijDR7TtNo86GVJ2wbkp5dKJtpBN+79rhuokXjECy/H9Xype81gZ3ao1NmGCl1jGyNedIzufS2KlX+SLg==",
      "dependencies": {
        "@grapecity/wijmo": "5.20222.877",
        "@grapecity/wijmo.barcode": "5.20222.877"
      }
    },
    "node_modules/@grapecity/wijmo.barcode.specialized": {
      "version": "5.20222.877",
      "resolved": "https://registry.npmjs.org/@grapecity/wijmo.barcode.specialized/-/wijmo.barcode.specialized-5.20222.877.tgz",
      "integrity": "sha512-mBbAl8a2AtIbcHF5njImhJAkp9vBC2MUsQ+5vAbxs/EYUQzKdPVy1Y2uw5oB5s82M40nNRcjoPuaV9vbMzGaAQ==",
      "dependencies": {
        "@grapecity/wijmo": "5.20222.877",
        "@grapecity/wijmo.barcode": "5.20222.877"
      }
    },
    "node_modules/@grapecity/wijmo.chart": {
      "version": "5.20222.877",
      "resolved": "https://registry.npmjs.org/@grapecity/wijmo.chart/-/wijmo.chart-5.20222.877.tgz",
      "integrity": "sha512-O9Sr210AAdKWmaOgvfWrO9t5srzW3b0vJfD5fBe16wGqOXCUcsn34AUEv6N3ZVS9A5FtIPlkrzu8bG4iIkH5UQ==",
      "dependencies": {
        "@grapecity/wijmo": "5.20222.877"
      }
    },
    "node_modules/@grapecity/wijmo.chart.analytics": {
      "version": "5.20222.877",
      "resolved": "https://registry.npmjs.org/@grapecity/wijmo.chart.analytics/-/wijmo.chart.analytics-5.20222.877.tgz",
      "integrity": "sha512-5VzlK0oO9aJexahfGxfhlo/cPUDKzhnawsPC/qNTmqtzXuoWscQsT3+zZkutrDs2/OPIo2HmU4H5inZClvELkQ==",
      "dependencies": {
        "@grapecity/wijmo": "5.20222.877",
        "@grapecity/wijmo.chart": "5.20222.877"
      }
    },
    "node_modules/@grapecity/wijmo.chart.animation": {
      "version": "5.20222.877",
      "resolved": "https://registry.npmjs.org/@grapecity/wijmo.chart.animation/-/wijmo.chart.animation-5.20222.877.tgz",
      "integrity": "sha512-2svWbN2qFBiTqt0mc16VRg8BQNvET71xMV4v31yd3WlRU7iVPtScjplf9yZxo7HKYe5eYDCoF8lyOYLfpqZ8kw==",
      "dependencies": {
        "@grapecity/wijmo": "5.20222.877",
        "@grapecity/wijmo.chart": "5.20222.877"
      }
    },
    "node_modules/@grapecity/wijmo.chart.annotation": {
      "version": "5.20222.877",
      "resolved": "https://registry.npmjs.org/@grapecity/wijmo.chart.annotation/-/wijmo.chart.annotation-5.20222.877.tgz",
      "integrity": "sha512-LXCKiHOO7/P44v1LfVP/q2Nxv7393WXKUIFrhRF9k0n7349AnzUiaDi1reBwdsNymdrkORn1743Z1pwQ5mlAIw==",
      "dependencies": {
        "@grapecity/wijmo": "5.20222.877",
        "@grapecity/wijmo.chart": "5.20222.877"
      }
    },
    "node_modules/@grapecity/wijmo.chart.finance": {
      "version": "5.20222.877",
      "resolved": "https://registry.npmjs.org/@grapecity/wijmo.chart.finance/-/wijmo.chart.finance-5.20222.877.tgz",
      "integrity": "sha512-Vf2G0/VdS3sIv0mbzoTOu8ICe1SDHoOolKLdDH9QElBlmtr/5NV3S9uvi7hshsPC+Lv/Iw5z7DESsUODTBuPfw==",
      "dependencies": {
        "@grapecity/wijmo": "5.20222.877",
        "@grapecity/wijmo.chart": "5.20222.877"
      }
    },
    "node_modules/@grapecity/wijmo.chart.finance.analytics": {
      "version": "5.20222.877",
      "resolved": "https://registry.npmjs.org/@grapecity/wijmo.chart.finance.analytics/-/wijmo.chart.finance.analytics-5.20222.877.tgz",
      "integrity": "sha512-oyya3HS6a39giFYy0ckBnXLYkuNvYNOEu+QXN/sEYmVyKbkXnuNJoOjE0HuezvFi9Qcj5zXnATJitZt3OnX+Mg==",
      "dependencies": {
        "@grapecity/wijmo": "5.20222.877",
        "@grapecity/wijmo.chart": "5.20222.877",
        "@grapecity/wijmo.chart.finance": "5.20222.877"
      }
    },
    "node_modules/@grapecity/wijmo.chart.hierarchical": {
      "version": "5.20222.877",
      "resolved": "https://registry.npmjs.org/@grapecity/wijmo.chart.hierarchical/-/wijmo.chart.hierarchical-5.20222.877.tgz",
      "integrity": "sha512-K9hQVO4TxY+BoAoN3nIjMEI8UtxMOrYePMfGkS0yUiUe/AIFHbHNw4xVR9s1GzyyQB1qdRyxwSwmzFJML+bpKw==",
      "dependencies": {
        "@grapecity/wijmo": "5.20222.877",
        "@grapecity/wijmo.chart": "5.20222.877"
      }
    },
    "node_modules/@grapecity/wijmo.chart.interaction": {
      "version": "5.20222.877",
      "resolved": "https://registry.npmjs.org/@grapecity/wijmo.chart.interaction/-/wijmo.chart.interaction-5.20222.877.tgz",
      "integrity": "sha512-Ib8uACQ70M2KLxuCZNwBRAr8nO2BbfMJ89EzwTxfXP89uv6/3N4/m7B48QtcQzfQVk4KrFPfs3igbZKF19AmXQ==",
      "dependencies": {
        "@grapecity/wijmo": "5.20222.877",
        "@grapecity/wijmo.chart": "5.20222.877"
      }
    },
    "node_modules/@grapecity/wijmo.chart.map": {
      "version": "5.20222.877",
      "resolved": "https://registry.npmjs.org/@grapecity/wijmo.chart.map/-/wijmo.chart.map-5.20222.877.tgz",
      "integrity": "sha512-H1r7yXj76TJ3SXE99xMosgwAVuhiKGwOFjFZc36+P7HkXXh1hWiL4So1a5c6Q8EFP89lWozgvs+75G+hHndPrw==",
      "dependencies": {
        "@grapecity/wijmo": "5.20222.877",
        "@grapecity/wijmo.chart": "5.20222.877"
      }
    },
    "node_modules/@grapecity/wijmo.chart.radar": {
      "version": "5.20222.877",
      "resolved": "https://registry.npmjs.org/@grapecity/wijmo.chart.radar/-/wijmo.chart.radar-5.20222.877.tgz",
      "integrity": "sha512-jWTaNnKa7Br/rgYXChJH63N21kOTfDxA//eYnFK6rPHqHVEZCtSro7shkOTz7eQ8Zv/Zrc8UKul4DI50y88GSw==",
      "dependencies": {
        "@grapecity/wijmo": "5.20222.877",
        "@grapecity/wijmo.chart": "5.20222.877"
      }
    },
    "node_modules/@grapecity/wijmo.chart.render": {
      "version": "5.20222.877",
      "resolved": "https://registry.npmjs.org/@grapecity/wijmo.chart.render/-/wijmo.chart.render-5.20222.877.tgz",
      "integrity": "sha512-fg56ZfMfzDvj9+wREN1td256kdPHNPHM6dzf7QWSXLwSGV0cjm6REre7lUL212PkONdvJ3Go5s7/t8qMNkiyeA==",
      "dependencies": {
        "@grapecity/wijmo": "5.20222.877",
        "@grapecity/wijmo.chart": "5.20222.877"
      }
    },
    "node_modules/@grapecity/wijmo.chart.webgl": {
      "version": "5.20222.877",
      "resolved": "https://registry.npmjs.org/@grapecity/wijmo.chart.webgl/-/wijmo.chart.webgl-5.20222.877.tgz",
      "integrity": "sha512-WgyNMTvqQneNg89O/xgtJYRdG3OCrgt44hVRc/W/L1r3hsmjRCl0xY0ZVNowReKMEYnFxiB+5iJhJt+ltsjL8w==",
      "dependencies": {
        "@grapecity/wijmo": "5.20222.877",
        "@grapecity/wijmo.chart": "5.20222.877"
      }
    },
    "node_modules/@grapecity/wijmo.cloud": {
      "version": "5.20222.877",
      "resolved": "https://registry.npmjs.org/@grapecity/wijmo.cloud/-/wijmo.cloud-5.20222.877.tgz",
      "integrity": "sha512-fB1MjIopyL9EWvK1Z7LOVN3v3IzjKKmJRGQhg1UV34ywq2amMjBoKd1wWrY8vYRCEc6Nxpd1D7vQnC4eNvkYLw==",
      "dependencies": {
        "@grapecity/wijmo": "5.20222.877",
        "@grapecity/wijmo.grid": "5.20222.877",
        "@grapecity/wijmo.grid.filter": "5.20222.877"
      }
    },
    "node_modules/@grapecity/wijmo.cultures": {
      "version": "5.20222.877",
      "resolved": "https://registry.npmjs.org/@grapecity/wijmo.cultures/-/wijmo.cultures-5.20222.877.tgz",
      "integrity": "sha512-pqV2S4s+c3i0jhRZqFKXKDUoFCqE+yQbmilGr341sVdokh9I8H2VhIJsxZZ9Y8d+khVV38sycN4XGvfWcLTrmw=="
    },
    "node_modules/@grapecity/wijmo.gauge": {
      "version": "5.20222.877",
      "resolved": "https://registry.npmjs.org/@grapecity/wijmo.gauge/-/wijmo.gauge-5.20222.877.tgz",
      "integrity": "sha512-8Ag8VZ5xz/jL0/vOVDxFtYU6SuWHsqMUMofWky3rl2l6SfHVQC/Hy75f/n4pMQvPUqLr1+K7coG6u4051oYoJg==",
      "dependencies": {
        "@grapecity/wijmo": "5.20222.877"
      }
    },
    "node_modules/@grapecity/wijmo.grid": {
      "version": "5.20222.877",
      "resolved": "https://registry.npmjs.org/@grapecity/wijmo.grid/-/wijmo.grid-5.20222.877.tgz",
      "integrity": "sha512-5v1N8HBF0k4f/oxLT4HpNtinIwJPhc+1mIjM5r+vf+ZN15SVOJD13MUsn60bxBMkG+Aq+g2THgaUdaOG7rnahA==",
      "dependencies": {
        "@grapecity/wijmo": "5.20222.877",
        "@grapecity/wijmo.input": "5.20222.877"
      }
    },
    "node_modules/@grapecity/wijmo.grid.cellmaker": {
      "version": "5.20222.877",
      "resolved": "https://registry.npmjs.org/@grapecity/wijmo.grid.cellmaker/-/wijmo.grid.cellmaker-5.20222.877.tgz",
      "integrity": "sha512-a6TvEtKhiGCiVfffcWsVgxYmsFSO3loH48ShT3HaoVcAHRWQ0aMilZJBbz0HP8UG0NWL+/RWWPV4dm7nnSlu/A==",
      "dependencies": {
        "@grapecity/wijmo": "5.20222.877",
        "@grapecity/wijmo.grid": "5.20222.877"
      }
    },
    "node_modules/@grapecity/wijmo.grid.detail": {
      "version": "5.20222.877",
      "resolved": "https://registry.npmjs.org/@grapecity/wijmo.grid.detail/-/wijmo.grid.detail-5.20222.877.tgz",
      "integrity": "sha512-2pu8FVUFh7RVUJB1HUlNylsEnog+26PxwIN31n2uWn8BgleBEbSHUDo3iAX900kZCUA3KMcCKDZHSebGhi8i8g==",
      "dependencies": {
        "@grapecity/wijmo": "5.20222.877",
        "@grapecity/wijmo.grid": "5.20222.877",
        "@grapecity/wijmo.input": "5.20222.877"
      }
    },
    "node_modules/@grapecity/wijmo.grid.filter": {
      "version": "5.20222.877",
      "resolved": "https://registry.npmjs.org/@grapecity/wijmo.grid.filter/-/wijmo.grid.filter-5.20222.877.tgz",
      "integrity": "sha512-zyEz29avEgkHiMAJK3xV8vLZuK8qWEuAasXkUPsB4ueGWYCm/0c/DHKgwZ8z16MnI3xKT2jhwtmvt79xHcQyUQ==",
      "dependencies": {
        "@grapecity/wijmo": "5.20222.877",
        "@grapecity/wijmo.grid": "5.20222.877",
        "@grapecity/wijmo.input": "5.20222.877"
      }
    },
    "node_modules/@grapecity/wijmo.grid.grouppanel": {
      "version": "5.20222.877",
      "resolved": "https://registry.npmjs.org/@grapecity/wijmo.grid.grouppanel/-/wijmo.grid.grouppanel-5.20222.877.tgz",
      "integrity": "sha512-G124SgUy4AgMUA9j0vpj97k5mMi8tekNy0WR0gPB6hF3jPjlYpG6nM76CoAli0hkVLi8PZYby/xUZYOJrq5wxw==",
      "dependencies": {
        "@grapecity/wijmo": "5.20222.877",
        "@grapecity/wijmo.grid": "5.20222.877",
        "@grapecity/wijmo.grid.filter": "5.20222.877",
        "@grapecity/wijmo.input": "5.20222.877"
      }
    },
    "node_modules/@grapecity/wijmo.grid.immutable": {
      "version": "5.20222.877",
      "resolved": "https://registry.npmjs.org/@grapecity/wijmo.grid.immutable/-/wijmo.grid.immutable-5.20222.877.tgz",
      "integrity": "sha512-Jk+QzZ0uXrSyfrq49xJzMN3fua1DtViLGuIqVx6n5qB1lJBl2bhArL2EWgDkBzIKLQF+7GxbTDGrHJ2yIpY/VA==",
      "dependencies": {
        "@grapecity/wijmo": "5.20222.877",
        "@grapecity/wijmo.grid": "5.20222.877"
      }
    },
    "node_modules/@grapecity/wijmo.grid.multirow": {
      "version": "5.20222.877",
      "resolved": "https://registry.npmjs.org/@grapecity/wijmo.grid.multirow/-/wijmo.grid.multirow-5.20222.877.tgz",
      "integrity": "sha512-ghGjXK0LdC5hiAlVJcNAfnghLYR78hZvy0gOyAN9CrRni0kmohBCuUayMrZvYn1K5cwpJwYbQpPIojWvaRH/aA==",
      "dependencies": {
        "@grapecity/wijmo": "5.20222.877",
        "@grapecity/wijmo.grid": "5.20222.877",
        "@grapecity/wijmo.input": "5.20222.877"
      }
    },
    "node_modules/@grapecity/wijmo.grid.pdf": {
      "version": "5.20222.877",
      "resolved": "https://registry.npmjs.org/@grapecity/wijmo.grid.pdf/-/wijmo.grid.pdf-5.20222.877.tgz",
      "integrity": "sha512-DrAKT9Te3MoNl/SmWqiqa0EmHElX0l/jBK2Qt6g3H6/sAkapmEWUe8MhR/YOWbRdJJPwp5dXChaZfe22sgRKBg==",
      "dependencies": {
        "@grapecity/wijmo": "5.20222.877",
        "@grapecity/wijmo.chart": "5.20222.877",
        "@grapecity/wijmo.grid": "5.20222.877",
        "@grapecity/wijmo.grid.detail": "5.20222.877",
        "@grapecity/wijmo.grid.filter": "5.20222.877",
        "@grapecity/wijmo.grid.multirow": "5.20222.877",
        "@grapecity/wijmo.grid.sheet": "5.20222.877",
        "@grapecity/wijmo.grid.transposed": "5.20222.877",
        "@grapecity/wijmo.grid.transposedmultirow": "5.20222.877",
        "@grapecity/wijmo.input": "5.20222.877",
        "@grapecity/wijmo.pdf": "5.20222.877",
        "@grapecity/wijmo.xlsx": "5.20222.877"
      }
    },
    "node_modules/@grapecity/wijmo.grid.search": {
      "version": "5.20222.877",
      "resolved": "https://registry.npmjs.org/@grapecity/wijmo.grid.search/-/wijmo.grid.search-5.20222.877.tgz",
      "integrity": "sha512-/ZAGUfKlDfKFtC2SkMJzkQ8QQtQ0v9dlhZQC3m/7lPA8PPFidI5xa6QltwePfr3w507O765X2OaSOD7fkqKh0g==",
      "dependencies": {
        "@grapecity/wijmo": "5.20222.877",
        "@grapecity/wijmo.grid": "5.20222.877"
      }
    },
    "node_modules/@grapecity/wijmo.grid.selector": {
      "version": "5.20222.877",
      "resolved": "https://registry.npmjs.org/@grapecity/wijmo.grid.selector/-/wijmo.grid.selector-5.20222.877.tgz",
      "integrity": "sha512-eG9LhN6HEXZFBkY0qS6WpkdbgnDmQmVejHYmYsg0tw+gl1e8lVJx6YIIKlIYXiimW8lWjzTCXYM9kIZLugLHHQ==",
      "dependencies": {
        "@grapecity/wijmo": "5.20222.877",
        "@grapecity/wijmo.grid": "5.20222.877"
      }
    },
    "node_modules/@grapecity/wijmo.grid.sheet": {
      "version": "5.20222.877",
      "resolved": "https://registry.npmjs.org/@grapecity/wijmo.grid.sheet/-/wijmo.grid.sheet-5.20222.877.tgz",
      "integrity": "sha512-Q7x8+P0gohp3L/oipYopncseEKX0T1OmcWfLAplNrQy8ZVz3Bkxy3bR3Rcb+M8oz4doymROr+HAoPLEdnbbG4w==",
      "dependencies": {
        "@grapecity/wijmo": "5.20222.877",
        "@grapecity/wijmo.grid": "5.20222.877",
        "@grapecity/wijmo.grid.filter": "5.20222.877",
        "@grapecity/wijmo.input": "5.20222.877"
      }
    },
    "node_modules/@grapecity/wijmo.grid.transposed": {
      "version": "5.20222.877",
      "resolved": "https://registry.npmjs.org/@grapecity/wijmo.grid.transposed/-/wijmo.grid.transposed-5.20222.877.tgz",
      "integrity": "sha512-1WVOnMmDng0xoCYCTw+EuhnAO7S8SYr18/1RWG3w9jSdH1QcQs9kruvFmdQAHOgaVHhcjYJpUR6D/mCp0eIIEA==",
      "dependencies": {
        "@grapecity/wijmo": "5.20222.877",
        "@grapecity/wijmo.grid": "5.20222.877"
      }
    },
    "node_modules/@grapecity/wijmo.grid.transposedmultirow": {
      "version": "5.20222.877",
      "resolved": "https://registry.npmjs.org/@grapecity/wijmo.grid.transposedmultirow/-/wijmo.grid.transposedmultirow-5.20222.877.tgz",
      "integrity": "sha512-A+6OYz0YCUVJvsAmKMjf8lMsf+3Be96c5C9thIQCPbrYPee2slwCFq20fe+V2GgM7/v2bbFhMpqSorPi8twbsQ==",
      "dependencies": {
        "@grapecity/wijmo": "5.20222.877",
        "@grapecity/wijmo.grid": "5.20222.877"
      }
    },
    "node_modules/@grapecity/wijmo.grid.xlsx": {
      "version": "5.20222.877",
      "resolved": "https://registry.npmjs.org/@grapecity/wijmo.grid.xlsx/-/wijmo.grid.xlsx-5.20222.877.tgz",
      "integrity": "sha512-XggecmCqkwf9/+tuVyrmqIuMaoXY0rGgZ3UW5oQShGnjIP/e9sgX5Kv2GhUYLF/Tg2FZeIDP21bdNa1qoMVLHA==",
      "dependencies": {
        "@grapecity/wijmo": "5.20222.877",
        "@grapecity/wijmo.grid": "5.20222.877",
        "@grapecity/wijmo.grid.detail": "5.20222.877",
        "@grapecity/wijmo.grid.multirow": "5.20222.877",
        "@grapecity/wijmo.input": "5.20222.877",
        "@grapecity/wijmo.xlsx": "5.20222.877"
      }
    },
    "node_modules/@grapecity/wijmo.input": {
      "version": "5.20222.877",
      "resolved": "https://registry.npmjs.org/@grapecity/wijmo.input/-/wijmo.input-5.20222.877.tgz",
      "integrity": "sha512-4VLIczMsmZT/LJvyrlCuftuiL6mbKHx2C2759Kju/dkZ1DShaSGJFAc1oVMvUYvPeLGLTrUllWll8fHkabZdqA==",
      "dependencies": {
        "@grapecity/wijmo": "5.20222.877"
      }
    },
    "node_modules/@grapecity/wijmo.interop.grid": {
      "version": "5.20222.877",
      "resolved": "https://registry.npmjs.org/@grapecity/wijmo.interop.grid/-/wijmo.interop.grid-5.20222.877.tgz",
      "integrity": "sha512-DvKfSrIKT4axqdtiLklcQv9PVnzyoOk14aMiD8wFJHEisGnCPyfjXa5Yogc5SBw/CAzcItJbeMUo9nzMsb7zfg==",
      "dependencies": {
        "@grapecity/wijmo": "5.20222.877",
        "@grapecity/wijmo.grid": "5.20222.877",
        "@grapecity/wijmo.grid.detail": "5.20222.877",
        "@grapecity/wijmo.input": "5.20222.877"
      }
    },
    "node_modules/@grapecity/wijmo.meta": {
      "version": "5.20222.877",
      "resolved": "https://registry.npmjs.org/@grapecity/wijmo.meta/-/wijmo.meta-5.20222.877.tgz",
      "integrity": "sha512-r4Z7yvJyn92p7Vh8vcmLReg7ZgsG/yog5tQIB7UdeIocxNSFH5i3bsYvRGK9+z5ty2FaVr9ABwXrd50Lc6dAKg==",
      "dependencies": {
        "@grapecity/wijmo": "5.20222.877",
        "@grapecity/wijmo.barcode": "5.20222.877",
        "@grapecity/wijmo.barcode.common": "5.20222.877",
        "@grapecity/wijmo.barcode.composite": "5.20222.877",
        "@grapecity/wijmo.barcode.specialized": "5.20222.877",
        "@grapecity/wijmo.chart": "5.20222.877",
        "@grapecity/wijmo.chart.analytics": "5.20222.877",
        "@grapecity/wijmo.chart.animation": "5.20222.877",
        "@grapecity/wijmo.chart.annotation": "5.20222.877",
        "@grapecity/wijmo.chart.finance": "5.20222.877",
        "@grapecity/wijmo.chart.finance.analytics": "5.20222.877",
        "@grapecity/wijmo.chart.hierarchical": "5.20222.877",
        "@grapecity/wijmo.chart.interaction": "5.20222.877",
        "@grapecity/wijmo.chart.map": "5.20222.877",
        "@grapecity/wijmo.chart.radar": "5.20222.877",
        "@grapecity/wijmo.chart.render": "5.20222.877",
        "@grapecity/wijmo.gauge": "5.20222.877",
        "@grapecity/wijmo.grid": "5.20222.877",
        "@grapecity/wijmo.grid.detail": "5.20222.877",
        "@grapecity/wijmo.grid.filter": "5.20222.877",
        "@grapecity/wijmo.grid.grouppanel": "5.20222.877",
        "@grapecity/wijmo.grid.multirow": "5.20222.877",
        "@grapecity/wijmo.grid.pdf": "5.20222.877",
        "@grapecity/wijmo.grid.search": "5.20222.877",
        "@grapecity/wijmo.grid.selector": "5.20222.877",
        "@grapecity/wijmo.grid.sheet": "5.20222.877",
        "@grapecity/wijmo.grid.transposed": "5.20222.877",
        "@grapecity/wijmo.grid.transposedmultirow": "5.20222.877",
        "@grapecity/wijmo.grid.xlsx": "5.20222.877",
        "@grapecity/wijmo.input": "5.20222.877",
        "@grapecity/wijmo.nav": "5.20222.877",
        "@grapecity/wijmo.odata": "5.20222.877",
        "@grapecity/wijmo.olap": "5.20222.877",
        "@grapecity/wijmo.pdf": "5.20222.877",
        "@grapecity/wijmo.viewer": "5.20222.877",
        "@grapecity/wijmo.xlsx": "5.20222.877"
      }
    },
    "node_modules/@grapecity/wijmo.nav": {
      "version": "5.20222.877",
      "resolved": "https://registry.npmjs.org/@grapecity/wijmo.nav/-/wijmo.nav-5.20222.877.tgz",
      "integrity": "sha512-BzsmxTkPxVXVlOgIHBF4BafA2Dg0AsF+5mqluv+RaTRA5hPIBpphJqqhBtq1x4u8copXBQNwLK1/t1OC1SqyGA==",
      "dependencies": {
        "@grapecity/wijmo": "5.20222.877"
      }
    },
    "node_modules/@grapecity/wijmo.odata": {
      "version": "5.20222.877",
      "resolved": "https://registry.npmjs.org/@grapecity/wijmo.odata/-/wijmo.odata-5.20222.877.tgz",
      "integrity": "sha512-elHPQPFiKDo7xTQqVzfKXJKssNinIEfd/rVxTw17XBbPQq2skX5kyVavgaxjET/HLcdbJePafoD4l9sIPHksyg==",
      "dependencies": {
        "@grapecity/wijmo": "5.20222.877",
        "@grapecity/wijmo.grid": "5.20222.877",
        "@grapecity/wijmo.grid.filter": "5.20222.877",
        "@grapecity/wijmo.input": "5.20222.877"
      }
    },
    "node_modules/@grapecity/wijmo.olap": {
      "version": "5.20222.877",
      "resolved": "https://registry.npmjs.org/@grapecity/wijmo.olap/-/wijmo.olap-5.20222.877.tgz",
      "integrity": "sha512-aWof+h1hK7zPDQt7w5TTqXkSYoKJxFU1HZDAIYmCfaJnA1xLt8at+0kN+nEE8W9RsAvlhOzpHuL1qH2B2tscag==",
      "dependencies": {
        "@grapecity/wijmo": "5.20222.877",
        "@grapecity/wijmo.chart": "5.20222.877",
        "@grapecity/wijmo.grid": "5.20222.877",
        "@grapecity/wijmo.grid.filter": "5.20222.877",
        "@grapecity/wijmo.input": "5.20222.877"
      }
    },
    "node_modules/@grapecity/wijmo.pdf": {
      "version": "5.20222.877",
      "resolved": "https://registry.npmjs.org/@grapecity/wijmo.pdf/-/wijmo.pdf-5.20222.877.tgz",
      "integrity": "sha512-lWi83O0jI3F5/1dzFoq3X0ut9+UYrmrglUBv16FD1bwt5JDdJaA4wxG75X+bnaohjiJfvNvj8wp+0FQN4G2LuA==",
      "dependencies": {
        "@grapecity/wijmo": "5.20222.877"
      }
    },
    "node_modules/@grapecity/wijmo.pdf.security": {
      "version": "5.20222.877",
      "resolved": "https://registry.npmjs.org/@grapecity/wijmo.pdf.security/-/wijmo.pdf.security-5.20222.877.tgz",
      "integrity": "sha512-vXi14ijcGpGZY68Bvy0z3lK2tYu9HgIDLgKWkcq5LloGY+HNWJYqXHV55WLT8ifeRsSsZHodZCyRnEfL4LBJqg==",
      "dependencies": {
        "@grapecity/wijmo": "5.20222.877"
      }
    },
    "node_modules/@grapecity/wijmo.purejs.all": {
      "version": "5.20222.877",
      "resolved": "https://registry.npmjs.org/@grapecity/wijmo.purejs.all/-/wijmo.purejs.all-5.20222.877.tgz",
      "integrity": "sha512-JIHmTmCUtibUpe3nZkVwk2Z1G0inZ5PSLu4577nXOQNOAhUX8yZGk/5Nd3Z3BLJuBIPRvqNUboLigvVNzj2z6g==",
      "dependencies": {
        "@grapecity/wijmo": "5.20222.877",
        "@grapecity/wijmo.barcode": "5.20222.877",
        "@grapecity/wijmo.barcode.common": "5.20222.877",
        "@grapecity/wijmo.barcode.composite": "5.20222.877",
        "@grapecity/wijmo.barcode.specialized": "5.20222.877",
        "@grapecity/wijmo.chart": "5.20222.877",
        "@grapecity/wijmo.chart.analytics": "5.20222.877",
        "@grapecity/wijmo.chart.animation": "5.20222.877",
        "@grapecity/wijmo.chart.annotation": "5.20222.877",
        "@grapecity/wijmo.chart.finance": "5.20222.877",
        "@grapecity/wijmo.chart.finance.analytics": "5.20222.877",
        "@grapecity/wijmo.chart.hierarchical": "5.20222.877",
        "@grapecity/wijmo.chart.interaction": "5.20222.877",
        "@grapecity/wijmo.chart.map": "5.20222.877",
        "@grapecity/wijmo.chart.radar": "5.20222.877",
        "@grapecity/wijmo.chart.render": "5.20222.877",
        "@grapecity/wijmo.chart.webgl": "5.20222.877",
        "@grapecity/wijmo.cloud": "5.20222.877",
        "@grapecity/wijmo.cultures": "5.20222.877",
        "@grapecity/wijmo.gauge": "5.20222.877",
        "@grapecity/wijmo.grid": "5.20222.877",
        "@grapecity/wijmo.grid.cellmaker": "5.20222.877",
        "@grapecity/wijmo.grid.detail": "5.20222.877",
        "@grapecity/wijmo.grid.filter": "5.20222.877",
        "@grapecity/wijmo.grid.grouppanel": "5.20222.877",
        "@grapecity/wijmo.grid.immutable": "5.20222.877",
        "@grapecity/wijmo.grid.multirow": "5.20222.877",
        "@grapecity/wijmo.grid.pdf": "5.20222.877",
        "@grapecity/wijmo.grid.search": "5.20222.877",
        "@grapecity/wijmo.grid.selector": "5.20222.877",
        "@grapecity/wijmo.grid.sheet": "5.20222.877",
        "@grapecity/wijmo.grid.transposed": "5.20222.877",
        "@grapecity/wijmo.grid.transposedmultirow": "5.20222.877",
        "@grapecity/wijmo.grid.xlsx": "5.20222.877",
        "@grapecity/wijmo.input": "5.20222.877",
        "@grapecity/wijmo.interop.grid": "5.20222.877",
        "@grapecity/wijmo.meta": "5.20222.877",
        "@grapecity/wijmo.nav": "5.20222.877",
        "@grapecity/wijmo.odata": "5.20222.877",
        "@grapecity/wijmo.olap": "5.20222.877",
        "@grapecity/wijmo.pdf": "5.20222.877",
        "@grapecity/wijmo.pdf.security": "5.20222.877",
        "@grapecity/wijmo.rest": "5.20222.877",
        "@grapecity/wijmo.styles": "5.20222.877",
        "@grapecity/wijmo.touch": "5.20222.877",
        "@grapecity/wijmo.undo": "5.20222.877",
        "@grapecity/wijmo.viewer": "5.20222.877",
        "@grapecity/wijmo.xlsx": "5.20222.877"
      }
    },
    "node_modules/@grapecity/wijmo.rest": {
      "version": "5.20222.877",
      "resolved": "https://registry.npmjs.org/@grapecity/wijmo.rest/-/wijmo.rest-5.20222.877.tgz",
      "integrity": "sha512-bHobbRcKHo0GQdFnvcHz2C6N8GzJq1KZhh8nb6OUoYBnanQ3OOd/k6Z/13Y7E0NbgrJlMkyIH0SBZmXbRnUr7w==",
      "dependencies": {
        "@grapecity/wijmo": "5.20222.877"
      }
    },
    "node_modules/@grapecity/wijmo.styles": {
      "version": "5.20222.877",
      "resolved": "https://registry.npmjs.org/@grapecity/wijmo.styles/-/wijmo.styles-5.20222.877.tgz",
      "integrity": "sha512-0oQRAN1jRjH8eXB3AZk6gV4BP39oDcWdb1OSb2HVBufsWIJmSVOcIi9ZF4X0WRs+ebaZ4SlSoVEMDZQ9rJN9zQ=="
    },
    "node_modules/@grapecity/wijmo.touch": {
      "version": "5.20222.877",
      "resolved": "https://registry.npmjs.org/@grapecity/wijmo.touch/-/wijmo.touch-5.20222.877.tgz",
      "integrity": "sha512-06ET3E+Qd0wnMqtX8JYgtmzaNNh6SZbCrEftXvOFnYSG6mEg113vEVcYuXhLlDi3Ts/jmQ9kKxOkNNVzMSIrkA==",
      "dependencies": {
        "@grapecity/wijmo": "5.20222.877"
      }
    },
    "node_modules/@grapecity/wijmo.undo": {
      "version": "5.20222.877",
      "resolved": "https://registry.npmjs.org/@grapecity/wijmo.undo/-/wijmo.undo-5.20222.877.tgz",
      "integrity": "sha512-vCMl6f+wNZ36F2ck8DsYOOZeAooLuto6Z7/NzRMpI5wUKG3ekVkko8oQo4KYhVvBVXCB79KliiX5fxoExmxCaA==",
      "dependencies": {
        "@grapecity/wijmo": "5.20222.877",
        "@grapecity/wijmo.gauge": "5.20222.877",
        "@grapecity/wijmo.grid": "5.20222.877",
        "@grapecity/wijmo.input": "5.20222.877",
        "@grapecity/wijmo.nav": "5.20222.877"
      }
    },
    "node_modules/@grapecity/wijmo.viewer": {
      "version": "5.20222.877",
      "resolved": "https://registry.npmjs.org/@grapecity/wijmo.viewer/-/wijmo.viewer-5.20222.877.tgz",
      "integrity": "sha512-jOzenZPlJ5Yh9Pu7KqikjhJJ6Ci8XfJnd2xFfWuhaZg/fWKRVEEXrXhf7MfRJupUJq3UgjW2132YFX3QL7BZlw==",
      "dependencies": {
        "@grapecity/wijmo": "5.20222.877",
        "@grapecity/wijmo.grid": "5.20222.877",
        "@grapecity/wijmo.input": "5.20222.877"
      }
    },
    "node_modules/@grapecity/wijmo.vue2.all": {
      "version": "5.20222.877",
      "resolved": "https://registry.npmjs.org/@grapecity/wijmo.vue2.all/-/wijmo.vue2.all-5.20222.877.tgz",
      "integrity": "sha512-SAPAr2/MkXL5F7uDW6sD7EjuX9lzM3HSkq2GRrNRi9N7jn8leLpF2LV0LRZXjoQce4x6pn21WRnuiaXfrz4mrQ==",
      "dependencies": {
        "@grapecity/wijmo.purejs.all": "5.20222.877",
        "@grapecity/wijmo.vue2.barcode.common": "5.20222.877",
        "@grapecity/wijmo.vue2.barcode.composite": "5.20222.877",
        "@grapecity/wijmo.vue2.barcode.specialized": "5.20222.877",
        "@grapecity/wijmo.vue2.base": "5.20222.877",
        "@grapecity/wijmo.vue2.chart": "5.20222.877",
        "@grapecity/wijmo.vue2.chart.analytics": "5.20222.877",
        "@grapecity/wijmo.vue2.chart.animation": "5.20222.877",
        "@grapecity/wijmo.vue2.chart.annotation": "5.20222.877",
        "@grapecity/wijmo.vue2.chart.finance": "5.20222.877",
        "@grapecity/wijmo.vue2.chart.finance.analytics": "5.20222.877",
        "@grapecity/wijmo.vue2.chart.hierarchical": "5.20222.877",
        "@grapecity/wijmo.vue2.chart.interaction": "5.20222.877",
        "@grapecity/wijmo.vue2.chart.map": "5.20222.877",
        "@grapecity/wijmo.vue2.chart.radar": "5.20222.877",
        "@grapecity/wijmo.vue2.core": "5.20222.877",
        "@grapecity/wijmo.vue2.gauge": "5.20222.877",
        "@grapecity/wijmo.vue2.grid": "5.20222.877",
        "@grapecity/wijmo.vue2.grid.detail": "5.20222.877",
        "@grapecity/wijmo.vue2.grid.filter": "5.20222.877",
        "@grapecity/wijmo.vue2.grid.grouppanel": "5.20222.877",
        "@grapecity/wijmo.vue2.grid.multirow": "5.20222.877",
        "@grapecity/wijmo.vue2.grid.search": "5.20222.877",
        "@grapecity/wijmo.vue2.grid.sheet": "5.20222.877",
        "@grapecity/wijmo.vue2.grid.transposed": "5.20222.877",
        "@grapecity/wijmo.vue2.grid.transposedmultirow": "5.20222.877",
        "@grapecity/wijmo.vue2.input": "5.20222.877",
        "@grapecity/wijmo.vue2.nav": "5.20222.877",
        "@grapecity/wijmo.vue2.olap": "5.20222.877",
        "@grapecity/wijmo.vue2.viewer": "5.20222.877"
      }
    },
    "node_modules/@grapecity/wijmo.vue2.barcode.common": {
      "version": "5.20222.877",
      "resolved": "https://registry.npmjs.org/@grapecity/wijmo.vue2.barcode.common/-/wijmo.vue2.barcode.common-5.20222.877.tgz",
      "integrity": "sha512-h+7/Ecs5jv9mBDm2zsLI+DxWLMtTwx4yKlCXoipMZY8Gxki0LxuJhFT7jFVCA3J4BX24GZV5qWurBlLw1ZxcfQ==",
      "dependencies": {
        "@grapecity/wijmo": "5.20222.877",
        "@grapecity/wijmo.barcode.common": "5.20222.877",
        "@grapecity/wijmo.vue2.base": "5.20222.877"
      }
    },
    "node_modules/@grapecity/wijmo.vue2.barcode.composite": {
      "version": "5.20222.877",
      "resolved": "https://registry.npmjs.org/@grapecity/wijmo.vue2.barcode.composite/-/wijmo.vue2.barcode.composite-5.20222.877.tgz",
      "integrity": "sha512-GRxXyrGviy7PQbMJnP5S8emivZm9esbz3rQH1utm5UK+X8Mi6XIr6Zcb1cWW7wS03qdZYVdV21f/ajY3nt+LbQ==",
      "dependencies": {
        "@grapecity/wijmo": "5.20222.877",
        "@grapecity/wijmo.barcode.composite": "5.20222.877",
        "@grapecity/wijmo.vue2.base": "5.20222.877"
      }
    },
    "node_modules/@grapecity/wijmo.vue2.barcode.specialized": {
      "version": "5.20222.877",
      "resolved": "https://registry.npmjs.org/@grapecity/wijmo.vue2.barcode.specialized/-/wijmo.vue2.barcode.specialized-5.20222.877.tgz",
      "integrity": "sha512-p4jnCuJY4mdpPMtwQp0L9/7wT2rzTIiCe3y0NSf9HqeSu87HQtH6o8noi5r3CBFV3PvC+oIWF5TmbsCnBE8Ing==",
      "dependencies": {
        "@grapecity/wijmo": "5.20222.877",
        "@grapecity/wijmo.barcode.specialized": "5.20222.877",
        "@grapecity/wijmo.vue2.base": "5.20222.877"
      }
    },
    "node_modules/@grapecity/wijmo.vue2.base": {
      "version": "5.20222.877",
      "resolved": "https://registry.npmjs.org/@grapecity/wijmo.vue2.base/-/wijmo.vue2.base-5.20222.877.tgz",
      "integrity": "sha512-pY4CVILGB07667FtX5TS/mE/alfzmgO/3n30u4w61f5wQA7wEiCUFky/qe1Ttbr9MWiJsW3GGRHy+vP/s3CQHQ==",
      "dependencies": {
        "@grapecity/wijmo": "5.20222.877"
      }
    },
    "node_modules/@grapecity/wijmo.vue2.chart": {
      "version": "5.20222.877",
      "resolved": "https://registry.npmjs.org/@grapecity/wijmo.vue2.chart/-/wijmo.vue2.chart-5.20222.877.tgz",
      "integrity": "sha512-4LdSphKg3tTgXLEnsUyDd0MYl4fQxH5K6ZUhiRFky+vf+2rnSN/uRd/ymL8dTEsY8/R4ARmLmzcXY9ESfyG3dA==",
      "dependencies": {
        "@grapecity/wijmo": "5.20222.877",
        "@grapecity/wijmo.chart": "5.20222.877",
        "@grapecity/wijmo.vue2.base": "5.20222.877"
      }
    },
    "node_modules/@grapecity/wijmo.vue2.chart.analytics": {
      "version": "5.20222.877",
      "resolved": "https://registry.npmjs.org/@grapecity/wijmo.vue2.chart.analytics/-/wijmo.vue2.chart.analytics-5.20222.877.tgz",
      "integrity": "sha512-gHIGushFzQx630AC89X9czH83UOpLNdCjDEp35e5ZsYzCsXscYMMvKQFFjIzs6LrNgoJz84ZfGHkslyY2/mjqg==",
      "dependencies": {
        "@grapecity/wijmo": "5.20222.877",
        "@grapecity/wijmo.chart.analytics": "5.20222.877"
      }
    },
    "node_modules/@grapecity/wijmo.vue2.chart.animation": {
      "version": "5.20222.877",
      "resolved": "https://registry.npmjs.org/@grapecity/wijmo.vue2.chart.animation/-/wijmo.vue2.chart.animation-5.20222.877.tgz",
      "integrity": "sha512-qCrYNEUG8a6Zq66OjFAcR4nxoReJhzQH37ov0d9J9bo8usNohp9Ffy4fo2UZtzAUDp1Or3Z8/oLvG7/w37NB5w==",
      "dependencies": {
        "@grapecity/wijmo": "5.20222.877",
        "@grapecity/wijmo.chart.animation": "5.20222.877",
        "@grapecity/wijmo.vue2.base": "5.20222.877"
      }
    },
    "node_modules/@grapecity/wijmo.vue2.chart.annotation": {
      "version": "5.20222.877",
      "resolved": "https://registry.npmjs.org/@grapecity/wijmo.vue2.chart.annotation/-/wijmo.vue2.chart.annotation-5.20222.877.tgz",
      "integrity": "sha512-IS/8Cvs4LZOgAt6O4bGz4vj3Ltc2CP1wP4hhhWruIbllnjyKFcEz9RXBXSbuqxrtRCC0mUiuKEbEa90M4vDUYA==",
      "dependencies": {
        "@grapecity/wijmo": "5.20222.877",
        "@grapecity/wijmo.chart.annotation": "5.20222.877",
        "@grapecity/wijmo.vue2.base": "5.20222.877"
      }
    },
    "node_modules/@grapecity/wijmo.vue2.chart.finance": {
      "version": "5.20222.877",
      "resolved": "https://registry.npmjs.org/@grapecity/wijmo.vue2.chart.finance/-/wijmo.vue2.chart.finance-5.20222.877.tgz",
      "integrity": "sha512-xaO8sXmOMhO3uI3eWm+/iYsvXotw5YTHuHoqlUcR7sAzAAWh3lo7VVYTxtLx4vUdoaKDMIjjGE+iuJZIfZZJyg==",
      "dependencies": {
        "@grapecity/wijmo": "5.20222.877",
        "@grapecity/wijmo.chart.finance": "5.20222.877",
        "@grapecity/wijmo.vue2.base": "5.20222.877"
      }
    },
    "node_modules/@grapecity/wijmo.vue2.chart.finance.analytics": {
      "version": "5.20222.877",
      "resolved": "https://registry.npmjs.org/@grapecity/wijmo.vue2.chart.finance.analytics/-/wijmo.vue2.chart.finance.analytics-5.20222.877.tgz",
      "integrity": "sha512-knD/AffnO1cHu7e4q2ceoKHKAvzaZLU+VUyc/uppSBz+60Kw03SOqgVXYv50l7jXhO61+53snmsOreQXCgeJow==",
      "dependencies": {
        "@grapecity/wijmo": "5.20222.877",
        "@grapecity/wijmo.chart.finance.analytics": "5.20222.877",
        "@grapecity/wijmo.vue2.base": "5.20222.877"
      }
    },
    "node_modules/@grapecity/wijmo.vue2.chart.hierarchical": {
      "version": "5.20222.877",
      "resolved": "https://registry.npmjs.org/@grapecity/wijmo.vue2.chart.hierarchical/-/wijmo.vue2.chart.hierarchical-5.20222.877.tgz",
      "integrity": "sha512-oiPpfSjNzGKLXu2swCeoft+Gg1ZSfqWM+AjCSIhGNcuXMHE9xmDRDK6fexnjLbPfA9zTnkmzGdhSnbMck4okdQ==",
      "dependencies": {
        "@grapecity/wijmo": "5.20222.877",
        "@grapecity/wijmo.chart.hierarchical": "5.20222.877",
        "@grapecity/wijmo.vue2.base": "5.20222.877"
      }
    },
    "node_modules/@grapecity/wijmo.vue2.chart.interaction": {
      "version": "5.20222.877",
      "resolved": "https://registry.npmjs.org/@grapecity/wijmo.vue2.chart.interaction/-/wijmo.vue2.chart.interaction-5.20222.877.tgz",
      "integrity": "sha512-brlpM6kDy9tlor6k7oCJ0TYBzXmYObwgTrf6nO3naxvPd67EoGxVkxRXWyIZ4UvTQvtypxUAzad7BuB7hS2F5w==",
      "dependencies": {
        "@grapecity/wijmo": "5.20222.877",
        "@grapecity/wijmo.chart.interaction": "5.20222.877",
        "@grapecity/wijmo.vue2.base": "5.20222.877"
      }
    },
    "node_modules/@grapecity/wijmo.vue2.chart.map": {
      "version": "5.20222.877",
      "resolved": "https://registry.npmjs.org/@grapecity/wijmo.vue2.chart.map/-/wijmo.vue2.chart.map-5.20222.877.tgz",
      "integrity": "sha512-UTHjbtHeME47eSGJ6Awi/XCLqZHk5pKDY/oKz7FxDAy907JLHQzseiLYofGX2w7KvwJ/qemDU06DRiHdGlkSxA==",
      "dependencies": {
        "@grapecity/wijmo": "5.20222.877",
        "@grapecity/wijmo.chart.map": "5.20222.877",
        "@grapecity/wijmo.vue2.base": "5.20222.877"
      }
    },
    "node_modules/@grapecity/wijmo.vue2.chart.radar": {
      "version": "5.20222.877",
      "resolved": "https://registry.npmjs.org/@grapecity/wijmo.vue2.chart.radar/-/wijmo.vue2.chart.radar-5.20222.877.tgz",
      "integrity": "sha512-ZsUvZniUls7h++Fy63hFhDAN5OG3uT9IyrsM0mpSIWfhxsXx9Ryksg3uMoZOrbEhVK3P/I6srxWLGkKxrwD3vg==",
      "dependencies": {
        "@grapecity/wijmo": "5.20222.877",
        "@grapecity/wijmo.chart.radar": "5.20222.877",
        "@grapecity/wijmo.vue2.base": "5.20222.877"
      }
    },
    "node_modules/@grapecity/wijmo.vue2.core": {
      "version": "5.20222.877",
      "resolved": "https://registry.npmjs.org/@grapecity/wijmo.vue2.core/-/wijmo.vue2.core-5.20222.877.tgz",
      "integrity": "sha512-sIddCDHojPALEAB6WJc/uLTXJ2K6eqC6qeCXcniRXSqphDSZvVFNDCiZe4lwinfbirK4Uzid5rxpx6uh9rCFzg==",
      "dependencies": {
        "@grapecity/wijmo": "5.20222.877",
        "@grapecity/wijmo.vue2.base": "5.20222.877"
      }
    },
    "node_modules/@grapecity/wijmo.vue2.gauge": {
      "version": "5.20222.877",
      "resolved": "https://registry.npmjs.org/@grapecity/wijmo.vue2.gauge/-/wijmo.vue2.gauge-5.20222.877.tgz",
      "integrity": "sha512-nBxy0GIME62m8V6uE61/Eir01zsLft0H75TOcXQrT/dDieVV+XMj5GQEXDteZndz+T+5wRKAavIbvbUZgjtT3w==",
      "dependencies": {
        "@grapecity/wijmo": "5.20222.877",
        "@grapecity/wijmo.gauge": "5.20222.877",
        "@grapecity/wijmo.vue2.base": "5.20222.877"
      }
    },
    "node_modules/@grapecity/wijmo.vue2.grid": {
      "version": "5.20222.877",
      "resolved": "https://registry.npmjs.org/@grapecity/wijmo.vue2.grid/-/wijmo.vue2.grid-5.20222.877.tgz",
      "integrity": "sha512-mDN9l72+kILvxWonRTQOeX4G/ep/pk3Iqg8OFUD9WQmhC76TBHawxPHSY07x9A5PHPZ1RZxlErEG1apgQG25yw==",
      "dependencies": {
        "@grapecity/wijmo": "5.20222.877",
        "@grapecity/wijmo.grid": "5.20222.877",
        "@grapecity/wijmo.grid.detail": "5.20222.877",
        "@grapecity/wijmo.input": "5.20222.877",
        "@grapecity/wijmo.interop.grid": "5.20222.877",
        "@grapecity/wijmo.vue2.base": "5.20222.877"
      }
    },
    "node_modules/@grapecity/wijmo.vue2.grid.detail": {
      "version": "5.20222.877",
      "resolved": "https://registry.npmjs.org/@grapecity/wijmo.vue2.grid.detail/-/wijmo.vue2.grid.detail-5.20222.877.tgz",
      "integrity": "sha512-i1Stn3a/w7363qFcAcGs/M5KgpVqz6pLnZuJiR6QdmwgfRKoEKidU2iNUrIEi3Uj57rT3SLsmUUfnXSIK7aWQw==",
      "dependencies": {
        "@grapecity/wijmo": "5.20222.877",
        "@grapecity/wijmo.grid": "5.20222.877",
        "@grapecity/wijmo.grid.detail": "5.20222.877",
        "@grapecity/wijmo.vue2.base": "5.20222.877"
      }
    },
    "node_modules/@grapecity/wijmo.vue2.grid.filter": {
      "version": "5.20222.877",
      "resolved": "https://registry.npmjs.org/@grapecity/wijmo.vue2.grid.filter/-/wijmo.vue2.grid.filter-5.20222.877.tgz",
      "integrity": "sha512-wNoBzYu/6QIiDgOmDcKsDcIsOPnjXOzHjCuoQ7XEvgYpmRdp9KmsvYbnAVlO0tjinmBG9k1HKupib79UV0xxjw==",
      "dependencies": {
        "@grapecity/wijmo": "5.20222.877",
        "@grapecity/wijmo.grid.filter": "5.20222.877",
        "@grapecity/wijmo.vue2.base": "5.20222.877"
      }
    },
    "node_modules/@grapecity/wijmo.vue2.grid.grouppanel": {
      "version": "5.20222.877",
      "resolved": "https://registry.npmjs.org/@grapecity/wijmo.vue2.grid.grouppanel/-/wijmo.vue2.grid.grouppanel-5.20222.877.tgz",
      "integrity": "sha512-He27qfqTX07JTtdCBfi6Nidkoy8YU/PfemOoGMvJZd5h6O/1fE/noU45t7EP+Atvr1xGHq2vULScSXOHE6ieSQ==",
      "dependencies": {
        "@grapecity/wijmo": "5.20222.877",
        "@grapecity/wijmo.grid.grouppanel": "5.20222.877",
        "@grapecity/wijmo.vue2.base": "5.20222.877"
      }
    },
    "node_modules/@grapecity/wijmo.vue2.grid.multirow": {
      "version": "5.20222.877",
      "resolved": "https://registry.npmjs.org/@grapecity/wijmo.vue2.grid.multirow/-/wijmo.vue2.grid.multirow-5.20222.877.tgz",
      "integrity": "sha512-P9DoMBTmrXvOOCRznOA0Ez3LcGkss4PqYgqdYwe/8BOcksYbYc+nH2nNnmysaKkCrHzh2Ix+xCg7aaGFtf4N5g==",
      "dependencies": {
        "@grapecity/wijmo": "5.20222.877",
        "@grapecity/wijmo.grid": "5.20222.877",
        "@grapecity/wijmo.grid.multirow": "5.20222.877",
        "@grapecity/wijmo.vue2.base": "5.20222.877"
      }
    },
    "node_modules/@grapecity/wijmo.vue2.grid.search": {
      "version": "5.20222.877",
      "resolved": "https://registry.npmjs.org/@grapecity/wijmo.vue2.grid.search/-/wijmo.vue2.grid.search-5.20222.877.tgz",
      "integrity": "sha512-FmvknWMzH9RKreVeRM3muX2EyiAMY4EmLJ5E2KdqkbB0nYKMns0zMR0gWWTu5o2dbliWv/hzIempmuRoiQOifQ==",
      "dependencies": {
        "@grapecity/wijmo": "5.20222.877",
        "@grapecity/wijmo.grid.search": "5.20222.877",
        "@grapecity/wijmo.vue2.base": "5.20222.877"
      }
    },
    "node_modules/@grapecity/wijmo.vue2.grid.sheet": {
      "version": "5.20222.877",
      "resolved": "https://registry.npmjs.org/@grapecity/wijmo.vue2.grid.sheet/-/wijmo.vue2.grid.sheet-5.20222.877.tgz",
      "integrity": "sha512-M/qC2W020R5/Gv7DjEPgyZ4WE/rU3f/rQn4OK+6EZnrPeWmO2iDTQ2WY/rBi7hezhcIW2cTLB5czbzAzunu9mg==",
      "dependencies": {
        "@grapecity/wijmo": "5.20222.877",
        "@grapecity/wijmo.grid.sheet": "5.20222.877",
        "@grapecity/wijmo.vue2.base": "5.20222.877"
      }
    },
    "node_modules/@grapecity/wijmo.vue2.grid.transposed": {
      "version": "5.20222.877",
      "resolved": "https://registry.npmjs.org/@grapecity/wijmo.vue2.grid.transposed/-/wijmo.vue2.grid.transposed-5.20222.877.tgz",
      "integrity": "sha512-7Rx9/G+VonAirLlNIJCHu81cuOiXIAURq6GciH9HUDxrYz5xvyNVvuTply8lsdzIxeiF+YTLtCpyohQfHasJlA==",
      "dependencies": {
        "@grapecity/wijmo": "5.20222.877",
        "@grapecity/wijmo.grid.transposed": "5.20222.877",
        "@grapecity/wijmo.vue2.base": "5.20222.877"
      }
    },
    "node_modules/@grapecity/wijmo.vue2.grid.transposedmultirow": {
      "version": "5.20222.877",
      "resolved": "https://registry.npmjs.org/@grapecity/wijmo.vue2.grid.transposedmultirow/-/wijmo.vue2.grid.transposedmultirow-5.20222.877.tgz",
      "integrity": "sha512-SgGOQ/X4kb9/5sCIFxgV9ouceL1yq8h2HnQ8xPTvgoDwyet6OEjpGGyIHUjxvHWsKVO9NoW5Vl8Ykbgac+ZNdQ==",
      "dependencies": {
        "@grapecity/wijmo": "5.20222.877",
        "@grapecity/wijmo.grid.transposedmultirow": "5.20222.877",
        "@grapecity/wijmo.vue2.base": "5.20222.877"
      }
    },
    "node_modules/@grapecity/wijmo.vue2.input": {
      "version": "5.20222.877",
      "resolved": "https://registry.npmjs.org/@grapecity/wijmo.vue2.input/-/wijmo.vue2.input-5.20222.877.tgz",
      "integrity": "sha512-rWIsnmcZ0kfIuQkMc106lesHpQT6CrDmxBdfWmgisAvorUfEPVRv4NdRRQCcUY4nSbtNVw8nJYtjPbWfOKr+IA==",
      "dependencies": {
        "@grapecity/wijmo": "5.20222.877",
        "@grapecity/wijmo.input": "5.20222.877",
        "@grapecity/wijmo.vue2.base": "5.20222.877"
      }
    },
    "node_modules/@grapecity/wijmo.vue2.nav": {
      "version": "5.20222.877",
      "resolved": "https://registry.npmjs.org/@grapecity/wijmo.vue2.nav/-/wijmo.vue2.nav-5.20222.877.tgz",
      "integrity": "sha512-tWdvM/VyZcfyQrP/nar8+huyjHSTXPlDLcMjvj5lxWhN8u7EMv5KbfwdqMy6LO4SSD6PyOaO59IBS+tMOpGN2Q==",
      "dependencies": {
        "@grapecity/wijmo": "5.20222.877",
        "@grapecity/wijmo.nav": "5.20222.877",
        "@grapecity/wijmo.vue2.base": "5.20222.877"
      }
    },
    "node_modules/@grapecity/wijmo.vue2.olap": {
      "version": "5.20222.877",
      "resolved": "https://registry.npmjs.org/@grapecity/wijmo.vue2.olap/-/wijmo.vue2.olap-5.20222.877.tgz",
      "integrity": "sha512-cYPmFUp6hFVEehdilNaZ3e64qEVvr4Ma1cawlslNSLjYIv0fRHF1Ne/u889Us/255+Ag/vK9E5eEfk34JVRCyQ==",
      "dependencies": {
        "@grapecity/wijmo": "5.20222.877",
        "@grapecity/wijmo.olap": "5.20222.877",
        "@grapecity/wijmo.vue2.base": "5.20222.877"
      }
    },
    "node_modules/@grapecity/wijmo.vue2.viewer": {
      "version": "5.20222.877",
      "resolved": "https://registry.npmjs.org/@grapecity/wijmo.vue2.viewer/-/wijmo.vue2.viewer-5.20222.877.tgz",
      "integrity": "sha512-GMVcG/BGAMSptMtQhjDB8zryhlgUyth3tx4zFBoZ6nXpGrgyNB4TXts1fToIwuHJBcuDwv9zgmPjAPw6HATNyg==",
      "dependencies": {
        "@grapecity/wijmo": "5.20222.877",
        "@grapecity/wijmo.viewer": "5.20222.877",
        "@grapecity/wijmo.vue2.base": "5.20222.877"
      }
    },
    "node_modules/@grapecity/wijmo.xlsx": {
      "version": "5.20222.877",
      "resolved": "https://registry.npmjs.org/@grapecity/wijmo.xlsx/-/wijmo.xlsx-5.20222.877.tgz",
      "integrity": "sha512-Cyi0wtIjMllIfxrO56SSrlsKeIdfxjEM2nYQymMnSQBAm+CAXnRW5z0eCStZSZjeSWVMAPXgjva+6nckQzSmVw==",
      "dependencies": {
        "@grapecity/wijmo": "5.20222.877"
      }
    }
  }
}
